// !$*UTF8*$!
{
	archiveVersion = 1;
	classes = {
	};
	objectVersion = 46;
	objects = {

/* Begin PBXBuildFile section */
		FABCD8551BB4396F005ED54D /* main.m in Sources */ = {isa = PBXBuildFile; fileRef = FABCD8541BB4396F005ED54D /* main.m */; };
		FABCD8581BB4396F005ED54D /* AppDelegate.m in Sources */ = {isa = PBXBuildFile; fileRef = FABCD8571BB4396F005ED54D /* AppDelegate.m */; };
		FABCD85B1BB4396F005ED54D /* ViewController.m in Sources */ = {isa = PBXBuildFile; fileRef = FABCD85A1BB4396F005ED54D /* ViewController.m */; };
		FABCD85E1BB4396F005ED54D /* Main.storyboard in Resources */ = {isa = PBXBuildFile; fileRef = FABCD85C1BB4396F005ED54D /* Main.storyboard */; };
		FABCD8601BB4396F005ED54D /* Assets.xcassets in Resources */ = {isa = PBXBuildFile; fileRef = FABCD85F1BB4396F005ED54D /* Assets.xcassets */; };
		FABCD8631BB4396F005ED54D /* LaunchScreen.storyboard in Resources */ = {isa = PBXBuildFile; fileRef = FABCD8611BB4396F005ED54D /* LaunchScreen.storyboard */; };
		FABCD86E1BB4396F005ED54D /* test2Tests.m in Sources */ = {isa = PBXBuildFile; fileRef = FABCD86D1BB4396F005ED54D /* test2Tests.m */; };
/* End PBXBuildFile section */

/* Begin PBXContainerItemProxy section */
		FABCD86A1BB4396F005ED54D /* PBXContainerItemProxy */ = {
			isa = PBXContainerItemProxy;
			containerPortal = FABCD8481BB4396F005ED54D /* Project object */;
			proxyType = 1;
			remoteGlobalIDString = FABCD84F1BB4396F005ED54D;
			remoteInfo = test2;
		};
/* End PBXContainerItemProxy section */

/* Begin PBXFileReference section */
		FABCD8501BB4396F005ED54D /* test2.app */ = {isa = PBXFileReference; explicitFileType = wrapper.application; includeInIndex = 0; path = test2.app; sourceTree = BUILT_PRODUCTS_DIR; };
		FABCD8541BB4396F005ED54D /* main.m */ = {isa = PBXFileReference; lastKnownFileType = sourcecode.c.objc; path = main.m; sourceTree = "<group>"; };
		FABCD8561BB4396F005ED54D /* AppDelegate.h */ = {isa = PBXFileReference; lastKnownFileType = sourcecode.c.h; path = AppDelegate.h; sourceTree = "<group>"; };
		FABCD8571BB4396F005ED54D /* AppDelegate.m */ = {isa = PBXFileReference; lastKnownFileType = sourcecode.c.objc; path = AppDelegate.m; sourceTree = "<group>"; };
		FABCD8591BB4396F005ED54D /* ViewController.h */ = {isa = PBXFileReference; lastKnownFileType = sourcecode.c.h; path = ViewController.h; sourceTree = "<group>"; };
		FABCD85A1BB4396F005ED54D /* ViewController.m */ = {isa = PBXFileReference; lastKnownFileType = sourcecode.c.objc; path = ViewController.m; sourceTree = "<group>"; };
		FABCD85D1BB4396F005ED54D /* Base */ = {isa = PBXFileReference; lastKnownFileType = file.storyboard; name = Base; path = Base.lproj/Main.storyboard; sourceTree = "<group>"; };
		FABCD85F1BB4396F005ED54D /* Assets.xcassets */ = {isa = PBXFileReference; lastKnownFileType = folder.assetcatalog; path = Assets.xcassets; sourceTree = "<group>"; };
		FABCD8621BB4396F005ED54D /* Base */ = {isa = PBXFileReference; lastKnownFileType = file.storyboard; name = Base; path = Base.lproj/LaunchScreen.storyboard; sourceTree = "<group>"; };
		FABCD8641BB4396F005ED54D /* Info.plist */ = {isa = PBXFileReference; lastKnownFileType = text.plist.xml; path = Info.plist; sourceTree = "<group>"; };
		FABCD8691BB4396F005ED54D /* test2Tests.xctest */ = {isa = PBXFileReference; explicitFileType = wrapper.cfbundle; includeInIndex = 0; path = test2Tests.xctest; sourceTree = BUILT_PRODUCTS_DIR; };
		FABCD86D1BB4396F005ED54D /* test2Tests.m */ = {isa = PBXFileReference; lastKnownFileType = sourcecode.c.objc; path = test2Tests.m; sourceTree = "<group>"; };
		FABCD86F1BB4396F005ED54D /* Info.plist */ = {isa = PBXFileReference; lastKnownFileType = text.plist.xml; path = Info.plist; sourceTree = "<group>"; };
/* End PBXFileReference section */

/* Begin PBXFrameworksBuildPhase section */
		FABCD84D1BB4396F005ED54D /* Frameworks */ = {
			isa = PBXFrameworksBuildPhase;
			buildActionMask = 2147483647;
			files = (
			);
			runOnlyForDeploymentPostprocessing = 0;
		};
		FABCD8661BB4396F005ED54D /* Frameworks */ = {
			isa = PBXFrameworksBuildPhase;
			buildActionMask = 2147483647;
			files = (
			);
			runOnlyForDeploymentPostprocessing = 0;
		};
/* End PBXFrameworksBuildPhase section */

/* Begin PBXGroup section */
		FABCD8471BB4396F005ED54D = {
			isa = PBXGroup;
			children = (
				FABCD8521BB4396F005ED54D /* test2 */,
				FABCD86C1BB4396F005ED54D /* test2Tests */,
				FABCD8511BB4396F005ED54D /* Products */,
			);
			sourceTree = "<group>";
		};
		FABCD8511BB4396F005ED54D /* Products */ = {
			isa = PBXGroup;
			children = (
				FABCD8501BB4396F005ED54D /* test2.app */,
				FABCD8691BB4396F005ED54D /* test2Tests.xctest */,
			);
			name = Products;
			sourceTree = "<group>";
		};
		FABCD8521BB4396F005ED54D /* test2 */ = {
			isa = PBXGroup;
			children = (
				FABCD8561BB4396F005ED54D /* AppDelegate.h */,
				FABCD8571BB4396F005ED54D /* AppDelegate.m */,
				FABCD8591BB4396F005ED54D /* ViewController.h */,
				FABCD85A1BB4396F005ED54D /* ViewController.m */,
				FABCD85C1BB4396F005ED54D /* Main.storyboard */,
				FABCD85F1BB4396F005ED54D /* Assets.xcassets */,
				FABCD8611BB4396F005ED54D /* LaunchScreen.storyboard */,
				FABCD8641BB4396F005ED54D /* Info.plist */,
				FABCD8531BB4396F005ED54D /* Supporting Files */,
			);
			path = test2;
			sourceTree = "<group>";
		};
		FABCD8531BB4396F005ED54D /* Supporting Files */ = {
			isa = PBXGroup;
			children = (
				FABCD8541BB4396F005ED54D /* main.m */,
			);
			name = "Supporting Files";
			sourceTree = "<group>";
		};
		FABCD86C1BB4396F005ED54D /* test2Tests */ = {
			isa = PBXGroup;
			children = (
				FABCD86D1BB4396F005ED54D /* test2Tests.m */,
				FABCD86F1BB4396F005ED54D /* Info.plist */,
			);
			path = test2Tests;
			sourceTree = "<group>";
		};
/* End PBXGroup section */

/* Begin PBXNativeTarget section */
		FABCD84F1BB4396F005ED54D /* test2 */ = {
			isa = PBXNativeTarget;
			buildConfigurationList = FABCD8721BB4396F005ED54D /* Build configuration list for PBXNativeTarget "test2" */;
			buildPhases = (
				FABCD84C1BB4396F005ED54D /* Sources */,
				FABCD84D1BB4396F005ED54D /* Frameworks */,
				FABCD84E1BB4396F005ED54D /* Resources */,
			);
			buildRules = (
			);
			dependencies = (
			);
			name = test2;
			productName = test2;
			productReference = FABCD8501BB4396F005ED54D /* test2.app */;
			productType = "com.apple.product-type.application";
		};
		FABCD8681BB4396F005ED54D /* test2Tests */ = {
			isa = PBXNativeTarget;
			buildConfigurationList = FABCD8751BB4396F005ED54D /* Build configuration list for PBXNativeTarget "test2Tests" */;
			buildPhases = (
				FABCD8651BB4396F005ED54D /* Sources */,
				FABCD8661BB4396F005ED54D /* Frameworks */,
				FABCD8671BB4396F005ED54D /* Resources */,
			);
			buildRules = (
			);
			dependencies = (
				FABCD86B1BB4396F005ED54D /* PBXTargetDependency */,
			);
			name = test2Tests;
			productName = test2Tests;
			productReference = FABCD8691BB4396F005ED54D /* test2Tests.xctest */;
			productType = "com.apple.product-type.bundle.unit-test";
		};
/* End PBXNativeTarget section */

/* Begin PBXProject section */
		FABCD8481BB4396F005ED54D /* Project object */ = {
			isa = PBXProject;
			attributes = {
				LastUpgradeCheck = 0700;
				ORGANIZATIONNAME = "Mobile Test2";
				TargetAttributes = {
					FABCD84F1BB4396F005ED54D = {
						CreatedOnToolsVersion = 7.0;
						DevelopmentTeam = 4HL39MJFDU;
					};
					FABCD8681BB4396F005ED54D = {
						CreatedOnToolsVersion = 7.0;
						DevelopmentTeam = 4HL39MJFDU;
						TestTargetID = FABCD84F1BB4396F005ED54D;
					};
				};
			};
			buildConfigurationList = FABCD84B1BB4396F005ED54D /* Build configuration list for PBXProject "test2" */;
			compatibilityVersion = "Xcode 3.2";
			developmentRegion = English;
			hasScannedForEncodings = 0;
			knownRegions = (
				en,
				Base,
			);
			mainGroup = FABCD8471BB4396F005ED54D;
			productRefGroup = FABCD8511BB4396F005ED54D /* Products */;
			projectDirPath = "";
			projectRoot = "";
			targets = (
				FABCD84F1BB4396F005ED54D /* test2 */,
				FABCD8681BB4396F005ED54D /* test2Tests */,
			);
		};
/* End PBXProject section */

/* Begin PBXResourcesBuildPhase section */
		FABCD84E1BB4396F005ED54D /* Resources */ = {
			isa = PBXResourcesBuildPhase;
			buildActionMask = 2147483647;
			files = (
				FABCD8631BB4396F005ED54D /* LaunchScreen.storyboard in Resources */,
				FABCD8601BB4396F005ED54D /* Assets.xcassets in Resources */,
				FABCD85E1BB4396F005ED54D /* Main.storyboard in Resources */,
			);
			runOnlyForDeploymentPostprocessing = 0;
		};
		FABCD8671BB4396F005ED54D /* Resources */ = {
			isa = PBXResourcesBuildPhase;
			buildActionMask = 2147483647;
			files = (
			);
			runOnlyForDeploymentPostprocessing = 0;
		};
/* End PBXResourcesBuildPhase section */

/* Begin PBXSourcesBuildPhase section */
		FABCD84C1BB4396F005ED54D /* Sources */ = {
			isa = PBXSourcesBuildPhase;
			buildActionMask = 2147483647;
			files = (
				FABCD85B1BB4396F005ED54D /* ViewController.m in Sources */,
				FABCD8581BB4396F005ED54D /* AppDelegate.m in Sources */,
				FABCD8551BB4396F005ED54D /* main.m in Sources */,
			);
			runOnlyForDeploymentPostprocessing = 0;
		};
		FABCD8651BB4396F005ED54D /* Sources */ = {
			isa = PBXSourcesBuildPhase;
			buildActionMask = 2147483647;
			files = (
				FABCD86E1BB4396F005ED54D /* test2Tests.m in Sources */,
			);
			runOnlyForDeploymentPostprocessing = 0;
		};
/* End PBXSourcesBuildPhase section */

/* Begin PBXTargetDependency section */
		FABCD86B1BB4396F005ED54D /* PBXTargetDependency */ = {
			isa = PBXTargetDependency;
			target = FABCD84F1BB4396F005ED54D /* test2 */;
			targetProxy = FABCD86A1BB4396F005ED54D /* PBXContainerItemProxy */;
		};
/* End PBXTargetDependency section */

/* Begin PBXVariantGroup section */
		FABCD85C1BB4396F005ED54D /* Main.storyboard */ = {
			isa = PBXVariantGroup;
			children = (
				FABCD85D1BB4396F005ED54D /* Base */,
			);
			name = Main.storyboard;
			sourceTree = "<group>";
		};
		FABCD8611BB4396F005ED54D /* LaunchScreen.storyboard */ = {
			isa = PBXVariantGroup;
			children = (
				FABCD8621BB4396F005ED54D /* Base */,
			);
			name = LaunchScreen.storyboard;
			sourceTree = "<group>";
		};
/* End PBXVariantGroup section */

/* Begin XCBuildConfiguration section */
		FABCD8701BB4396F005ED54D /* Debug */ = {
			isa = XCBuildConfiguration;
			buildSettings = {
				ALWAYS_SEARCH_USER_PATHS = NO;
				CLANG_CXX_LANGUAGE_STANDARD = "gnu++0x";
				CLANG_CXX_LIBRARY = "libc++";
				CLANG_ENABLE_MODULES = YES;
				CLANG_ENABLE_OBJC_ARC = YES;
				CLANG_WARN_BOOL_CONVERSION = YES;
				CLANG_WARN_CONSTANT_CONVERSION = YES;
				CLANG_WARN_DIRECT_OBJC_ISA_USAGE = YES_ERROR;
				CLANG_WARN_EMPTY_BODY = YES;
				CLANG_WARN_ENUM_CONVERSION = YES;
				CLANG_WARN_INT_CONVERSION = YES;
				CLANG_WARN_OBJC_ROOT_CLASS = YES_ERROR;
				CLANG_WARN_UNREACHABLE_CODE = YES;
				CLANG_WARN__DUPLICATE_METHOD_MATCH = YES;
				"CODE_SIGN_IDENTITY[sdk=iphoneos*]" = "iPhone Developer";
				COPY_PHASE_STRIP = NO;
				DEBUG_INFORMATION_FORMAT = dwarf;
				ENABLE_STRICT_OBJC_MSGSEND = YES;
				ENABLE_TESTABILITY = YES;
				GCC_C_LANGUAGE_STANDARD = gnu99;
				GCC_DYNAMIC_NO_PIC = NO;
				GCC_NO_COMMON_BLOCKS = YES;
				GCC_OPTIMIZATION_LEVEL = 0;
				GCC_PREPROCESSOR_DEFINITIONS = (
					"DEBUG=1",
					"$(inherited)",
				);
				GCC_WARN_64_TO_32_BIT_CONVERSION = YES;
				GCC_WARN_ABOUT_RETURN_TYPE = YES_ERROR;
				GCC_WARN_UNDECLARED_SELECTOR = YES;
				GCC_WARN_UNINITIALIZED_AUTOS = YES_AGGRESSIVE;
				GCC_WARN_UNUSED_FUNCTION = YES;
				GCC_WARN_UNUSED_VARIABLE = YES;
				IPHONEOS_DEPLOYMENT_TARGET = 9.0;
				MTL_ENABLE_DEBUG_INFO = YES;
				ONLY_ACTIVE_ARCH = YES;
				SDKROOT = iphoneos;
			};
			name = Debug;
		};
		FABCD8711BB4396F005ED54D /* Release */ = {
			isa = XCBuildConfiguration;
			buildSettings = {
				ALWAYS_SEARCH_USER_PATHS = NO;
				CLANG_CXX_LANGUAGE_STANDARD = "gnu++0x";
				CLANG_CXX_LIBRARY = "libc++";
				CLANG_ENABLE_MODULES = YES;
				CLANG_ENABLE_OBJC_ARC = YES;
				CLANG_WARN_BOOL_CONVERSION = YES;
				CLANG_WARN_CONSTANT_CONVERSION = YES;
				CLANG_WARN_DIRECT_OBJC_ISA_USAGE = YES_ERROR;
				CLANG_WARN_EMPTY_BODY = YES;
				CLANG_WARN_ENUM_CONVERSION = YES;
				CLANG_WARN_INT_CONVERSION = YES;
				CLANG_WARN_OBJC_ROOT_CLASS = YES_ERROR;
				CLANG_WARN_UNREACHABLE_CODE = YES;
				CLANG_WARN__DUPLICATE_METHOD_MATCH = YES;
				"CODE_SIGN_IDENTITY[sdk=iphoneos*]" = "iPhone Developer";
				COPY_PHASE_STRIP = NO;
				DEBUG_INFORMATION_FORMAT = "dwarf-with-dsym";
				ENABLE_NS_ASSERTIONS = NO;
				ENABLE_STRICT_OBJC_MSGSEND = YES;
				GCC_C_LANGUAGE_STANDARD = gnu99;
				GCC_NO_COMMON_BLOCKS = YES;
				GCC_WARN_64_TO_32_BIT_CONVERSION = YES;
				GCC_WARN_ABOUT_RETURN_TYPE = YES_ERROR;
				GCC_WARN_UNDECLARED_SELECTOR = YES;
				GCC_WARN_UNINITIALIZED_AUTOS = YES_AGGRESSIVE;
				GCC_WARN_UNUSED_FUNCTION = YES;
				GCC_WARN_UNUSED_VARIABLE = YES;
				IPHONEOS_DEPLOYMENT_TARGET = 9.0;
				MTL_ENABLE_DEBUG_INFO = NO;
				SDKROOT = iphoneos;
				VALIDATE_PRODUCT = YES;
			};
			name = Release;
		};
		FABCD8731BB4396F005ED54D /* Debug */ = {
			isa = XCBuildConfiguration;
			buildSettings = {
				ASSETCATALOG_COMPILER_APPICON_NAME = AppIcon;
				INFOPLIST_FILE = test2/Info.plist;
				LD_RUNPATH_SEARCH_PATHS = "$(inherited) @executable_path/Frameworks";
				PRODUCT_BUNDLE_IDENTIFIER = com.mobiletest2.test2;
				PRODUCT_NAME = "$(TARGET_NAME)";
			};
			name = Debug;
		};
		FABCD8741BB4396F005ED54D /* Release */ = {
			isa = XCBuildConfiguration;
			buildSettings = {
				ASSETCATALOG_COMPILER_APPICON_NAME = AppIcon;
				INFOPLIST_FILE = test2/Info.plist;
				LD_RUNPATH_SEARCH_PATHS = "$(inherited) @executable_path/Frameworks";
				PRODUCT_BUNDLE_IDENTIFIER = com.mobiletest2.test2;
				PRODUCT_NAME = "$(TARGET_NAME)";
			};
			name = Release;
		};
		FABCD8761BB4396F005ED54D /* Debug */ = {
			isa = XCBuildConfiguration;
			buildSettings = {
				BUNDLE_LOADER = "$(TEST_HOST)";
				INFOPLIST_FILE = test2Tests/Info.plist;
				LD_RUNPATH_SEARCH_PATHS = "$(inherited) @executable_path/Frameworks @loader_path/Frameworks";
				PRODUCT_BUNDLE_IDENTIFIER = com.mobiletest2.test2Tests;
				PRODUCT_NAME = "$(TARGET_NAME)";
				TEST_HOST = "$(BUILT_PRODUCTS_DIR)/test2.app/test2";
			};
			name = Debug;
		};
		FABCD8771BB4396F005ED54D /* Release */ = {
			isa = XCBuildConfiguration;
			buildSettings = {
				BUNDLE_LOADER = "$(TEST_HOST)";
				INFOPLIST_FILE = test2Tests/Info.plist;
				LD_RUNPATH_SEARCH_PATHS = "$(inherited) @executable_path/Frameworks @loader_path/Frameworks";
				PRODUCT_BUNDLE_IDENTIFIER = com.mobiletest2.test2Tests;
				PRODUCT_NAME = "$(TARGET_NAME)";
				TEST_HOST = "$(BUILT_PRODUCTS_DIR)/test2.app/test2";
			};
			name = Release;
		};
/* End XCBuildConfiguration section */

/* Begin XCConfigurationList section */
		FABCD84B1BB4396F005ED54D /* Build configuration list for PBXProject "test2" */ = {
			isa = XCConfigurationList;
			buildConfigurations = (
				FABCD8701BB4396F005ED54D /* Debug */,
				FABCD8711BB4396F005ED54D /* Release */,
			);
			defaultConfigurationIsVisible = 0;
			defaultConfigurationName = Release;
		};
		FABCD8721BB4396F005ED54D /* Build configuration list for PBXNativeTarget "test2" */ = {
			isa = XCConfigurationList;
			buildConfigurations = (
				FABCD8731BB4396F005ED54D /* Debug */,
				FABCD8741BB4396F005ED54D /* Release */,
			);
			defaultConfigurationIsVisible = 0;
		};
		FABCD8751BB4396F005ED54D /* Build configuration list for PBXNativeTarget "test2Tests" */ = {
			isa = XCConfigurationList;
			buildConfigurations = (
				FABCD8761BB4396F005ED54D /* Debug */,
				FABCD8771BB4396F005ED54D /* Release */,
			);
			defaultConfigurationIsVisible = 0;
		};
/* End XCConfigurationList section */
	};
	rootObject = FABCD8481BB4396F005ED54D /* Project object */;
}
